// !$*UTF8*$!
{
	archiveVersion = 1;
	classes = {
	};
	objectVersion = 46;
	objects = {

/* Begin PBXBuildFile section */
		4109A8431AE189F90019A724 /* DetailViewController.m in Sources */ = {isa = PBXBuildFile; fileRef = 4109A8421AE189F90019A724 /* DetailViewController.m */; };
		41484A841AE69841001B4324 /* Social.framework in Frameworks */ = {isa = PBXBuildFile; fileRef = 41484A831AE69841001B4324 /* Social.framework */; };
		41484A861AE69847001B4324 /* Accounts.framework in Frameworks */ = {isa = PBXBuildFile; fileRef = 41484A851AE69847001B4324 /* Accounts.framework */; };
		41829E311ADF248A00D59AE3 /* main.m in Sources */ = {isa = PBXBuildFile; fileRef = 41829E301ADF248A00D59AE3 /* main.m */; };
		41829E341ADF248A00D59AE3 /* AppDelegate.m in Sources */ = {isa = PBXBuildFile; fileRef = 41829E331ADF248A00D59AE3 /* AppDelegate.m */; };
		41829E3A1ADF248A00D59AE3 /* Main.storyboard in Resources */ = {isa = PBXBuildFile; fileRef = 41829E381ADF248A00D59AE3 /* Main.storyboard */; };
		41829E3C1ADF248A00D59AE3 /* Images.xcassets in Resources */ = {isa = PBXBuildFile; fileRef = 41829E3B1ADF248A00D59AE3 /* Images.xcassets */; };
		41829E3F1ADF248A00D59AE3 /* LaunchScreen.xib in Resources */ = {isa = PBXBuildFile; fileRef = 41829E3D1ADF248A00D59AE3 /* LaunchScreen.xib */; };
		41829E4B1ADF248B00D59AE3 /* Pitchfork_Best_New_MusicTests.m in Sources */ = {isa = PBXBuildFile; fileRef = 41829E4A1ADF248B00D59AE3 /* Pitchfork_Best_New_MusicTests.m */; };
		41829E5A1ADF25BC00D59AE3 /* AudioToolbox.framework in Frameworks */ = {isa = PBXBuildFile; fileRef = 41829E591ADF25BC00D59AE3 /* AudioToolbox.framework */; };
		41829E5C1ADF25CE00D59AE3 /* CFNetwork.framework in Frameworks */ = {isa = PBXBuildFile; fileRef = 41829E5B1ADF25CE00D59AE3 /* CFNetwork.framework */; };
		41829E5E1ADF25D800D59AE3 /* CoreGraphics.framework in Frameworks */ = {isa = PBXBuildFile; fileRef = 41829E5D1ADF25D800D59AE3 /* CoreGraphics.framework */; };
		41829E601ADF25E200D59AE3 /* CoreLocation.framework in Frameworks */ = {isa = PBXBuildFile; fileRef = 41829E5F1ADF25E200D59AE3 /* CoreLocation.framework */; };
		41829E621ADF25EC00D59AE3 /* MobileCoreServices.framework in Frameworks */ = {isa = PBXBuildFile; fileRef = 41829E611ADF25EC00D59AE3 /* MobileCoreServices.framework */; };
		41829E641ADF25F200D59AE3 /* QuartzCore.framework in Frameworks */ = {isa = PBXBuildFile; fileRef = 41829E631ADF25F200D59AE3 /* QuartzCore.framework */; };
		41829E661ADF25F900D59AE3 /* Security.framework in Frameworks */ = {isa = PBXBuildFile; fileRef = 41829E651ADF25F900D59AE3 /* Security.framework */; };
		41829E681ADF25FE00D59AE3 /* StoreKit.framework in Frameworks */ = {isa = PBXBuildFile; fileRef = 41829E671ADF25FE00D59AE3 /* StoreKit.framework */; };
		41829E6A1ADF260800D59AE3 /* SystemConfiguration.framework in Frameworks */ = {isa = PBXBuildFile; fileRef = 41829E691ADF260800D59AE3 /* SystemConfiguration.framework */; };
		41829E6C1ADF261900D59AE3 /* libz.dylib in Frameworks */ = {isa = PBXBuildFile; fileRef = 41829E6B1ADF261900D59AE3 /* libz.dylib */; };
		41829E6E1ADF262600D59AE3 /* libsqlite3.dylib in Frameworks */ = {isa = PBXBuildFile; fileRef = 41829E6D1ADF262600D59AE3 /* libsqlite3.dylib */; };
		41829E7E1ADF41CE00D59AE3 /* ReviewTableViewCell.m in Sources */ = {isa = PBXBuildFile; fileRef = 41829E7C1ADF41CE00D59AE3 /* ReviewTableViewCell.m */; };
		41829E7F1ADF41CE00D59AE3 /* ReviewTableViewCell.xib in Resources */ = {isa = PBXBuildFile; fileRef = 41829E7D1ADF41CE00D59AE3 /* ReviewTableViewCell.xib */; };
		41829E821ADF50F500D59AE3 /* MainTableViewController.m in Sources */ = {isa = PBXBuildFile; fileRef = 41829E811ADF50F500D59AE3 /* MainTableViewController.m */; };
		41BF1B3F1AE5FA9B006F959C /* ArticleView.m in Sources */ = {isa = PBXBuildFile; fileRef = 41BF1B3E1AE5FA9B006F959C /* ArticleView.m */; };
		41BF1B411AE5FAB6006F959C /* ArticleView.xib in Resources */ = {isa = PBXBuildFile; fileRef = 41BF1B401AE5FAB6006F959C /* ArticleView.xib */; };
		41CCE1C01AE80C0A00028623 /* Bolts.framework in Frameworks */ = {isa = PBXBuildFile; fileRef = 41CCE1BC1AE80C0A00028623 /* Bolts.framework */; };
		41CCE1C11AE80C0B00028623 /* Parse.framework in Frameworks */ = {isa = PBXBuildFile; fileRef = 41CCE1BD1AE80C0A00028623 /* Parse.framework */; };
		41CCE1C21AE80C0B00028623 /* ParseUI.framework in Frameworks */ = {isa = PBXBuildFile; fileRef = 41CCE1BE1AE80C0A00028623 /* ParseUI.framework */; };
		41CCE1C31AE80C0B00028623 /* Spotify.framework in Frameworks */ = {isa = PBXBuildFile; fileRef = 41CCE1BF1AE80C0A00028623 /* Spotify.framework */; };
		41D3EDB71AE4A63A00E4C507 /* CoreMotion.framework in Frameworks */ = {isa = PBXBuildFile; fileRef = 41D3EDB61AE4A63A00E4C507 /* CoreMotion.framework */; };
		41DEEBD41AE87AE000918F97 /* AVFoundation.framework in Frameworks */ = {isa = PBXBuildFile; fileRef = 41DEEBD31AE87AE000918F97 /* AVFoundation.framework */; };
		41DEEBD81AE8A5DB00918F97 /* LoginController.m in Sources */ = {isa = PBXBuildFile; fileRef = 41DEEBD71AE8A5DB00918F97 /* LoginController.m */; };
		41DEEBDA1AE958C400918F97 /* MediaPlayer.framework in Frameworks */ = {isa = PBXBuildFile; fileRef = 41DEEBD91AE958C400918F97 /* MediaPlayer.framework */; };
		ADDBC0524C332E999E3892E9 /* libPods-Pitchfork Best New Music.a in Frameworks */ = {isa = PBXBuildFile; fileRef = 052AB83CBD536F62E1E38A16 /* libPods-Pitchfork Best New Music.a */; };
/* End PBXBuildFile section */

/* Begin PBXContainerItemProxy section */
		41829E451ADF248B00D59AE3 /* PBXContainerItemProxy */ = {
			isa = PBXContainerItemProxy;
			containerPortal = 41829E231ADF248A00D59AE3 /* Project object */;
			proxyType = 1;
			remoteGlobalIDString = 41829E2A1ADF248A00D59AE3;
			remoteInfo = "Pitchfork Best New Music";
		};
/* End PBXContainerItemProxy section */

/* Begin PBXFileReference section */
		052AB83CBD536F62E1E38A16 /* libPods-Pitchfork Best New Music.a */ = {isa = PBXFileReference; explicitFileType = archive.ar; includeInIndex = 0; path = "libPods-Pitchfork Best New Music.a"; sourceTree = BUILT_PRODUCTS_DIR; };
		310F976AE75650F91ED82339 /* Pods-Pitchfork Best New Music.release.xcconfig */ = {isa = PBXFileReference; includeInIndex = 1; lastKnownFileType = text.xcconfig; name = "Pods-Pitchfork Best New Music.release.xcconfig"; path = "Pods/Target Support Files/Pods-Pitchfork Best New Music/Pods-Pitchfork Best New Music.release.xcconfig"; sourceTree = "<group>"; };
		4109A8411AE189F90019A724 /* DetailViewController.h */ = {isa = PBXFileReference; fileEncoding = 4; lastKnownFileType = sourcecode.c.h; path = DetailViewController.h; sourceTree = "<group>"; };
		4109A8421AE189F90019A724 /* DetailViewController.m */ = {isa = PBXFileReference; fileEncoding = 4; lastKnownFileType = sourcecode.c.objc; path = DetailViewController.m; sourceTree = "<group>"; };
		41484A831AE69841001B4324 /* Social.framework */ = {isa = PBXFileReference; lastKnownFileType = wrapper.framework; name = Social.framework; path = System/Library/Frameworks/Social.framework; sourceTree = SDKROOT; };
		41484A851AE69847001B4324 /* Accounts.framework */ = {isa = PBXFileReference; lastKnownFileType = wrapper.framework; name = Accounts.framework; path = System/Library/Frameworks/Accounts.framework; sourceTree = SDKROOT; };
		41829E2B1ADF248A00D59AE3 /* Pitchfork Best New Music.app */ = {isa = PBXFileReference; explicitFileType = wrapper.application; includeInIndex = 0; path = "Pitchfork Best New Music.app"; sourceTree = BUILT_PRODUCTS_DIR; };
		41829E2F1ADF248A00D59AE3 /* Info.plist */ = {isa = PBXFileReference; lastKnownFileType = text.plist.xml; path = Info.plist; sourceTree = "<group>"; };
		41829E301ADF248A00D59AE3 /* main.m */ = {isa = PBXFileReference; lastKnownFileType = sourcecode.c.objc; path = main.m; sourceTree = "<group>"; };
		41829E321ADF248A00D59AE3 /* AppDelegate.h */ = {isa = PBXFileReference; lastKnownFileType = sourcecode.c.h; path = AppDelegate.h; sourceTree = "<group>"; };
		41829E331ADF248A00D59AE3 /* AppDelegate.m */ = {isa = PBXFileReference; lastKnownFileType = sourcecode.c.objc; path = AppDelegate.m; sourceTree = "<group>"; };
		41829E391ADF248A00D59AE3 /* Base */ = {isa = PBXFileReference; lastKnownFileType = file.storyboard; name = Base; path = Base.lproj/Main.storyboard; sourceTree = "<group>"; };
		41829E3B1ADF248A00D59AE3 /* Images.xcassets */ = {isa = PBXFileReference; lastKnownFileType = folder.assetcatalog; path = Images.xcassets; sourceTree = "<group>"; };
		41829E3E1ADF248A00D59AE3 /* Base */ = {isa = PBXFileReference; lastKnownFileType = file.xib; name = Base; path = Base.lproj/LaunchScreen.xib; sourceTree = "<group>"; };
		41829E441ADF248B00D59AE3 /* Pitchfork Best New MusicTests.xctest */ = {isa = PBXFileReference; explicitFileType = wrapper.cfbundle; includeInIndex = 0; path = "Pitchfork Best New MusicTests.xctest"; sourceTree = BUILT_PRODUCTS_DIR; };
		41829E491ADF248B00D59AE3 /* Info.plist */ = {isa = PBXFileReference; lastKnownFileType = text.plist.xml; path = Info.plist; sourceTree = "<group>"; };
		41829E4A1ADF248B00D59AE3 /* Pitchfork_Best_New_MusicTests.m */ = {isa = PBXFileReference; lastKnownFileType = sourcecode.c.objc; path = Pitchfork_Best_New_MusicTests.m; sourceTree = "<group>"; };
		41829E591ADF25BC00D59AE3 /* AudioToolbox.framework */ = {isa = PBXFileReference; lastKnownFileType = wrapper.framework; name = AudioToolbox.framework; path = System/Library/Frameworks/AudioToolbox.framework; sourceTree = SDKROOT; };
		41829E5B1ADF25CE00D59AE3 /* CFNetwork.framework */ = {isa = PBXFileReference; lastKnownFileType = wrapper.framework; name = CFNetwork.framework; path = System/Library/Frameworks/CFNetwork.framework; sourceTree = SDKROOT; };
		41829E5D1ADF25D800D59AE3 /* CoreGraphics.framework */ = {isa = PBXFileReference; lastKnownFileType = wrapper.framework; name = CoreGraphics.framework; path = System/Library/Frameworks/CoreGraphics.framework; sourceTree = SDKROOT; };
		41829E5F1ADF25E200D59AE3 /* CoreLocation.framework */ = {isa = PBXFileReference; lastKnownFileType = wrapper.framework; name = CoreLocation.framework; path = System/Library/Frameworks/CoreLocation.framework; sourceTree = SDKROOT; };
		41829E611ADF25EC00D59AE3 /* MobileCoreServices.framework */ = {isa = PBXFileReference; lastKnownFileType = wrapper.framework; name = MobileCoreServices.framework; path = System/Library/Frameworks/MobileCoreServices.framework; sourceTree = SDKROOT; };
		41829E631ADF25F200D59AE3 /* QuartzCore.framework */ = {isa = PBXFileReference; lastKnownFileType = wrapper.framework; name = QuartzCore.framework; path = System/Library/Frameworks/QuartzCore.framework; sourceTree = SDKROOT; };
		41829E651ADF25F900D59AE3 /* Security.framework */ = {isa = PBXFileReference; lastKnownFileType = wrapper.framework; name = Security.framework; path = System/Library/Frameworks/Security.framework; sourceTree = SDKROOT; };
		41829E671ADF25FE00D59AE3 /* StoreKit.framework */ = {isa = PBXFileReference; lastKnownFileType = wrapper.framework; name = StoreKit.framework; path = System/Library/Frameworks/StoreKit.framework; sourceTree = SDKROOT; };
		41829E691ADF260800D59AE3 /* SystemConfiguration.framework */ = {isa = PBXFileReference; lastKnownFileType = wrapper.framework; name = SystemConfiguration.framework; path = System/Library/Frameworks/SystemConfiguration.framework; sourceTree = SDKROOT; };
		41829E6B1ADF261900D59AE3 /* libz.dylib */ = {isa = PBXFileReference; lastKnownFileType = "compiled.mach-o.dylib"; name = libz.dylib; path = usr/lib/libz.dylib; sourceTree = SDKROOT; };
		41829E6D1ADF262600D59AE3 /* libsqlite3.dylib */ = {isa = PBXFileReference; lastKnownFileType = "compiled.mach-o.dylib"; name = libsqlite3.dylib; path = usr/lib/libsqlite3.dylib; sourceTree = SDKROOT; };
		41829E7B1ADF41CE00D59AE3 /* ReviewTableViewCell.h */ = {isa = PBXFileReference; fileEncoding = 4; lastKnownFileType = sourcecode.c.h; path = ReviewTableViewCell.h; sourceTree = "<group>"; };
		41829E7C1ADF41CE00D59AE3 /* ReviewTableViewCell.m */ = {isa = PBXFileReference; fileEncoding = 4; lastKnownFileType = sourcecode.c.objc; path = ReviewTableViewCell.m; sourceTree = "<group>"; };
		41829E7D1ADF41CE00D59AE3 /* ReviewTableViewCell.xib */ = {isa = PBXFileReference; fileEncoding = 4; lastKnownFileType = file.xib; path = ReviewTableViewCell.xib; sourceTree = "<group>"; };
		41829E801ADF50F500D59AE3 /* MainTableViewController.h */ = {isa = PBXFileReference; fileEncoding = 4; lastKnownFileType = sourcecode.c.h; path = MainTableViewController.h; sourceTree = "<group>"; };
		41829E811ADF50F500D59AE3 /* MainTableViewController.m */ = {isa = PBXFileReference; fileEncoding = 4; lastKnownFileType = sourcecode.c.objc; path = MainTableViewController.m; sourceTree = "<group>"; };
		41BF1B3D1AE5FA9B006F959C /* ArticleView.h */ = {isa = PBXFileReference; fileEncoding = 4; lastKnownFileType = sourcecode.c.h; path = ArticleView.h; sourceTree = "<group>"; };
		41BF1B3E1AE5FA9B006F959C /* ArticleView.m */ = {isa = PBXFileReference; fileEncoding = 4; lastKnownFileType = sourcecode.c.objc; path = ArticleView.m; sourceTree = "<group>"; };
		41BF1B401AE5FAB6006F959C /* ArticleView.xib */ = {isa = PBXFileReference; fileEncoding = 4; lastKnownFileType = file.xib; path = ArticleView.xib; sourceTree = "<group>"; };
		41CCE1BC1AE80C0A00028623 /* Bolts.framework */ = {isa = PBXFileReference; lastKnownFileType = wrapper.framework; name = Bolts.framework; path = Frameworks/Bolts.framework; sourceTree = "<group>"; };
		41CCE1BD1AE80C0A00028623 /* Parse.framework */ = {isa = PBXFileReference; lastKnownFileType = wrapper.framework; name = Parse.framework; path = Frameworks/Parse.framework; sourceTree = "<group>"; };
		41CCE1BE1AE80C0A00028623 /* ParseUI.framework */ = {isa = PBXFileReference; lastKnownFileType = wrapper.framework; name = ParseUI.framework; path = Frameworks/ParseUI.framework; sourceTree = "<group>"; };
		41CCE1BF1AE80C0A00028623 /* Spotify.framework */ = {isa = PBXFileReference; lastKnownFileType = wrapper.framework; name = Spotify.framework; path = Frameworks/Spotify.framework; sourceTree = "<group>"; };
		41D3EDB61AE4A63A00E4C507 /* CoreMotion.framework */ = {isa = PBXFileReference; lastKnownFileType = wrapper.framework; name = CoreMotion.framework; path = System/Library/Frameworks/CoreMotion.framework; sourceTree = SDKROOT; };
		41DEEBD31AE87AE000918F97 /* AVFoundation.framework */ = {isa = PBXFileReference; lastKnownFileType = wrapper.framework; name = AVFoundation.framework; path = System/Library/Frameworks/AVFoundation.framework; sourceTree = SDKROOT; };
		41DEEBD51AE8862500918F97 /* Config.h */ = {isa = PBXFileReference; lastKnownFileType = sourcecode.c.h; path = Config.h; sourceTree = "<group>"; };
		41DEEBD61AE8A5DB00918F97 /* LoginController.h */ = {isa = PBXFileReference; fileEncoding = 4; lastKnownFileType = sourcecode.c.h; path = LoginController.h; sourceTree = "<group>"; };
		41DEEBD71AE8A5DB00918F97 /* LoginController.m */ = {isa = PBXFileReference; fileEncoding = 4; lastKnownFileType = sourcecode.c.objc; path = LoginController.m; sourceTree = "<group>"; };
		41DEEBD91AE958C400918F97 /* MediaPlayer.framework */ = {isa = PBXFileReference; lastKnownFileType = wrapper.framework; name = MediaPlayer.framework; path = System/Library/Frameworks/MediaPlayer.framework; sourceTree = SDKROOT; };
		B5D2CB5F3D24F7323B990D03 /* Pods-Pitchfork Best New Music.debug.xcconfig */ = {isa = PBXFileReference; includeInIndex = 1; lastKnownFileType = text.xcconfig; name = "Pods-Pitchfork Best New Music.debug.xcconfig"; path = "Pods/Target Support Files/Pods-Pitchfork Best New Music/Pods-Pitchfork Best New Music.debug.xcconfig"; sourceTree = "<group>"; };
/* End PBXFileReference section */

/* Begin PBXFrameworksBuildPhase section */
		41829E281ADF248A00D59AE3 /* Frameworks */ = {
			isa = PBXFrameworksBuildPhase;
			buildActionMask = 2147483647;
			files = (
				41DEEBDA1AE958C400918F97 /* MediaPlayer.framework in Frameworks */,
				41DEEBD41AE87AE000918F97 /* AVFoundation.framework in Frameworks */,
				41CCE1C21AE80C0B00028623 /* ParseUI.framework in Frameworks */,
				41484A861AE69847001B4324 /* Accounts.framework in Frameworks */,
				41484A841AE69841001B4324 /* Social.framework in Frameworks */,
				41D3EDB71AE4A63A00E4C507 /* CoreMotion.framework in Frameworks */,
				41829E6E1ADF262600D59AE3 /* libsqlite3.dylib in Frameworks */,
				41829E6C1ADF261900D59AE3 /* libz.dylib in Frameworks */,
				41829E6A1ADF260800D59AE3 /* SystemConfiguration.framework in Frameworks */,
				41CCE1C11AE80C0B00028623 /* Parse.framework in Frameworks */,
				41829E681ADF25FE00D59AE3 /* StoreKit.framework in Frameworks */,
				41829E661ADF25F900D59AE3 /* Security.framework in Frameworks */,
				41CCE1C31AE80C0B00028623 /* Spotify.framework in Frameworks */,
				41829E641ADF25F200D59AE3 /* QuartzCore.framework in Frameworks */,
				41829E621ADF25EC00D59AE3 /* MobileCoreServices.framework in Frameworks */,
				41829E601ADF25E200D59AE3 /* CoreLocation.framework in Frameworks */,
				41829E5E1ADF25D800D59AE3 /* CoreGraphics.framework in Frameworks */,
				41829E5C1ADF25CE00D59AE3 /* CFNetwork.framework in Frameworks */,
				41829E5A1ADF25BC00D59AE3 /* AudioToolbox.framework in Frameworks */,
				ADDBC0524C332E999E3892E9 /* libPods-Pitchfork Best New Music.a in Frameworks */,
				41CCE1C01AE80C0A00028623 /* Bolts.framework in Frameworks */,
			);
			runOnlyForDeploymentPostprocessing = 0;
		};
		41829E411ADF248B00D59AE3 /* Frameworks */ = {
			isa = PBXFrameworksBuildPhase;
			buildActionMask = 2147483647;
			files = (
			);
			runOnlyForDeploymentPostprocessing = 0;
		};
/* End PBXFrameworksBuildPhase section */

/* Begin PBXGroup section */
		41829E221ADF248A00D59AE3 = {
			isa = PBXGroup;
			children = (
				41829E2D1ADF248A00D59AE3 /* Pitchfork Best New Music */,
				41829E471ADF248B00D59AE3 /* Pitchfork Best New MusicTests */,
				41829E581ADF258900D59AE3 /* Frameworks */,
				41829E2C1ADF248A00D59AE3 /* Products */,
				80DDD9C8470D4E0E0B381427 /* Pods */,
			);
			sourceTree = "<group>";
		};
		41829E2C1ADF248A00D59AE3 /* Products */ = {
			isa = PBXGroup;
			children = (
				41829E2B1ADF248A00D59AE3 /* Pitchfork Best New Music.app */,
				41829E441ADF248B00D59AE3 /* Pitchfork Best New MusicTests.xctest */,
			);
			name = Products;
			sourceTree = "<group>";
		};
		41829E2D1ADF248A00D59AE3 /* Pitchfork Best New Music */ = {
			isa = PBXGroup;
			children = (
				41DEEBD51AE8862500918F97 /* Config.h */,
				41829E321ADF248A00D59AE3 /* AppDelegate.h */,
				41829E331ADF248A00D59AE3 /* AppDelegate.m */,
				41829E381ADF248A00D59AE3 /* Main.storyboard */,
				41829E3B1ADF248A00D59AE3 /* Images.xcassets */,
				41829E3D1ADF248A00D59AE3 /* LaunchScreen.xib */,
				41829E2E1ADF248A00D59AE3 /* Supporting Files */,
				41829E761ADF28D700D59AE3 /* Classes */,
			);
			path = "Pitchfork Best New Music";
			sourceTree = "<group>";
		};
		41829E2E1ADF248A00D59AE3 /* Supporting Files */ = {
			isa = PBXGroup;
			children = (
				41829E2F1ADF248A00D59AE3 /* Info.plist */,
				41829E301ADF248A00D59AE3 /* main.m */,
			);
			name = "Supporting Files";
			sourceTree = "<group>";
		};
		41829E471ADF248B00D59AE3 /* Pitchfork Best New MusicTests */ = {
			isa = PBXGroup;
			children = (
				41829E4A1ADF248B00D59AE3 /* Pitchfork_Best_New_MusicTests.m */,
				41829E481ADF248B00D59AE3 /* Supporting Files */,
			);
			path = "Pitchfork Best New MusicTests";
			sourceTree = "<group>";
		};
		41829E481ADF248B00D59AE3 /* Supporting Files */ = {
			isa = PBXGroup;
			children = (
				41829E491ADF248B00D59AE3 /* Info.plist */,
			);
			name = "Supporting Files";
			sourceTree = "<group>";
		};
		41829E581ADF258900D59AE3 /* Frameworks */ = {
			isa = PBXGroup;
			children = (
				41DEEBD91AE958C400918F97 /* MediaPlayer.framework */,
				41DEEBD31AE87AE000918F97 /* AVFoundation.framework */,
				41CCE1BC1AE80C0A00028623 /* Bolts.framework */,
				41CCE1BD1AE80C0A00028623 /* Parse.framework */,
				41CCE1BE1AE80C0A00028623 /* ParseUI.framework */,
				41CCE1BF1AE80C0A00028623 /* Spotify.framework */,
				41484A851AE69847001B4324 /* Accounts.framework */,
				41484A831AE69841001B4324 /* Social.framework */,
				41D3EDB61AE4A63A00E4C507 /* CoreMotion.framework */,
				41829E6D1ADF262600D59AE3 /* libsqlite3.dylib */,
				41829E6B1ADF261900D59AE3 /* libz.dylib */,
				41829E691ADF260800D59AE3 /* SystemConfiguration.framework */,
				41829E671ADF25FE00D59AE3 /* StoreKit.framework */,
				41829E651ADF25F900D59AE3 /* Security.framework */,
				41829E631ADF25F200D59AE3 /* QuartzCore.framework */,
				41829E611ADF25EC00D59AE3 /* MobileCoreServices.framework */,
				41829E5F1ADF25E200D59AE3 /* CoreLocation.framework */,
				41829E5D1ADF25D800D59AE3 /* CoreGraphics.framework */,
				41829E5B1ADF25CE00D59AE3 /* CFNetwork.framework */,
				41829E591ADF25BC00D59AE3 /* AudioToolbox.framework */,
				052AB83CBD536F62E1E38A16 /* libPods-Pitchfork Best New Music.a */,
			);
			name = Frameworks;
			sourceTree = "<group>";
		};
		41829E761ADF28D700D59AE3 /* Classes */ = {
			isa = PBXGroup;
			children = (
				41DEEBD61AE8A5DB00918F97 /* LoginController.h */,
				41DEEBD71AE8A5DB00918F97 /* LoginController.m */,
				41829E7B1ADF41CE00D59AE3 /* ReviewTableViewCell.h */,
				41829E7C1ADF41CE00D59AE3 /* ReviewTableViewCell.m */,
				41829E7D1ADF41CE00D59AE3 /* ReviewTableViewCell.xib */,
				41829E801ADF50F500D59AE3 /* MainTableViewController.h */,
				41829E811ADF50F500D59AE3 /* MainTableViewController.m */,
				4109A8411AE189F90019A724 /* DetailViewController.h */,
				4109A8421AE189F90019A724 /* DetailViewController.m */,
				41BF1B3D1AE5FA9B006F959C /* ArticleView.h */,
				41BF1B3E1AE5FA9B006F959C /* ArticleView.m */,
				41BF1B401AE5FAB6006F959C /* ArticleView.xib */,
			);
			path = Classes;
			sourceTree = "<group>";
		};
		80DDD9C8470D4E0E0B381427 /* Pods */ = {
			isa = PBXGroup;
			children = (
				B5D2CB5F3D24F7323B990D03 /* Pods-Pitchfork Best New Music.debug.xcconfig */,
				310F976AE75650F91ED82339 /* Pods-Pitchfork Best New Music.release.xcconfig */,
			);
			name = Pods;
			sourceTree = "<group>";
		};
/* End PBXGroup section */

/* Begin PBXNativeTarget section */
		41829E2A1ADF248A00D59AE3 /* Pitchfork Best New Music */ = {
			isa = PBXNativeTarget;
			buildConfigurationList = 41829E4E1ADF248B00D59AE3 /* Build configuration list for PBXNativeTarget "Pitchfork Best New Music" */;
			buildPhases = (
				FBEA080B4B4909FD045CCDBA /* Check Pods Manifest.lock */,
				41829E271ADF248A00D59AE3 /* Sources */,
				41829E281ADF248A00D59AE3 /* Frameworks */,
				41829E291ADF248A00D59AE3 /* Resources */,
				29F3A22862DB9F325E3E2EE6 /* Copy Pods Resources */,
			);
			buildRules = (
			);
			dependencies = (
			);
			name = "Pitchfork Best New Music";
			productName = "Pitchfork Best New Music";
			productReference = 41829E2B1ADF248A00D59AE3 /* Pitchfork Best New Music.app */;
			productType = "com.apple.product-type.application";
		};
		41829E431ADF248B00D59AE3 /* Pitchfork Best New MusicTests */ = {
			isa = PBXNativeTarget;
			buildConfigurationList = 41829E511ADF248B00D59AE3 /* Build configuration list for PBXNativeTarget "Pitchfork Best New MusicTests" */;
			buildPhases = (
				41829E401ADF248B00D59AE3 /* Sources */,
				41829E411ADF248B00D59AE3 /* Frameworks */,
				41829E421ADF248B00D59AE3 /* Resources */,
			);
			buildRules = (
			);
			dependencies = (
				41829E461ADF248B00D59AE3 /* PBXTargetDependency */,
			);
			name = "Pitchfork Best New MusicTests";
			productName = "Pitchfork Best New MusicTests";
			productReference = 41829E441ADF248B00D59AE3 /* Pitchfork Best New MusicTests.xctest */;
			productType = "com.apple.product-type.bundle.unit-test";
		};
/* End PBXNativeTarget section */

/* Begin PBXProject section */
		41829E231ADF248A00D59AE3 /* Project object */ = {
			isa = PBXProject;
			attributes = {
				LastUpgradeCheck = 0630;
				ORGANIZATIONNAME = Ali;
				TargetAttributes = {
					41829E2A1ADF248A00D59AE3 = {
						CreatedOnToolsVersion = 6.3;
						DevelopmentTeam = DKZM2Q2FGA;
					};
					41829E431ADF248B00D59AE3 = {
						CreatedOnToolsVersion = 6.3;
						TestTargetID = 41829E2A1ADF248A00D59AE3;
					};
				};
			};
			buildConfigurationList = 41829E261ADF248A00D59AE3 /* Build configuration list for PBXProject "Pitchfork Best New Music" */;
			compatibilityVersion = "Xcode 3.2";
			developmentRegion = English;
			hasScannedForEncodings = 0;
			knownRegions = (
				en,
				Base,
			);
			mainGroup = 41829E221ADF248A00D59AE3;
			productRefGroup = 41829E2C1ADF248A00D59AE3 /* Products */;
			projectDirPath = "";
			projectRoot = "";
			targets = (
				41829E2A1ADF248A00D59AE3 /* Pitchfork Best New Music */,
				41829E431ADF248B00D59AE3 /* Pitchfork Best New MusicTests */,
			);
		};
/* End PBXProject section */

/* Begin PBXResourcesBuildPhase section */
		41829E291ADF248A00D59AE3 /* Resources */ = {
			isa = PBXResourcesBuildPhase;
			buildActionMask = 2147483647;
			files = (
				41BF1B411AE5FAB6006F959C /* ArticleView.xib in Resources */,
				41829E3A1ADF248A00D59AE3 /* Main.storyboard in Resources */,
				41829E7F1ADF41CE00D59AE3 /* ReviewTableViewCell.xib in Resources */,
				41829E3F1ADF248A00D59AE3 /* LaunchScreen.xib in Resources */,
				41829E3C1ADF248A00D59AE3 /* Images.xcassets in Resources */,
			);
			runOnlyForDeploymentPostprocessing = 0;
		};
		41829E421ADF248B00D59AE3 /* Resources */ = {
			isa = PBXResourcesBuildPhase;
			buildActionMask = 2147483647;
			files = (
			);
			runOnlyForDeploymentPostprocessing = 0;
		};
/* End PBXResourcesBuildPhase section */

/* Begin PBXShellScriptBuildPhase section */
		29F3A22862DB9F325E3E2EE6 /* Copy Pods Resources */ = {
			isa = PBXShellScriptBuildPhase;
			buildActionMask = 2147483647;
			files = (
			);
			inputPaths = (
			);
			name = "Copy Pods Resources";
			outputPaths = (
			);
			runOnlyForDeploymentPostprocessing = 0;
			shellPath = /bin/sh;
			shellScript = "\"${SRCROOT}/Pods/Target Support Files/Pods-Pitchfork Best New Music/Pods-Pitchfork Best New Music-resources.sh\"\n";
			showEnvVarsInLog = 0;
		};
		FBEA080B4B4909FD045CCDBA /* Check Pods Manifest.lock */ = {
			isa = PBXShellScriptBuildPhase;
			buildActionMask = 2147483647;
			files = (
			);
			inputPaths = (
			);
			name = "Check Pods Manifest.lock";
			outputPaths = (
			);
			runOnlyForDeploymentPostprocessing = 0;
			shellPath = /bin/sh;
			shellScript = "diff \"${PODS_ROOT}/../Podfile.lock\" \"${PODS_ROOT}/Manifest.lock\" > /dev/null\nif [[ $? != 0 ]] ; then\n    cat << EOM\nerror: The sandbox is not in sync with the Podfile.lock. Run 'pod install' or update your CocoaPods installation.\nEOM\n    exit 1\nfi\n";
			showEnvVarsInLog = 0;
		};
/* End PBXShellScriptBuildPhase section */

/* Begin PBXSourcesBuildPhase section */
		41829E271ADF248A00D59AE3 /* Sources */ = {
			isa = PBXSourcesBuildPhase;
			buildActionMask = 2147483647;
			files = (
				4109A8431AE189F90019A724 /* DetailViewController.m in Sources */,
				41DEEBD81AE8A5DB00918F97 /* LoginController.m in Sources */,
				41829E821ADF50F500D59AE3 /* MainTableViewController.m in Sources */,
				41829E7E1ADF41CE00D59AE3 /* ReviewTableViewCell.m in Sources */,
				41829E341ADF248A00D59AE3 /* AppDelegate.m in Sources */,
				41829E311ADF248A00D59AE3 /* main.m in Sources */,
				41BF1B3F1AE5FA9B006F959C /* ArticleView.m in Sources */,
			);
			runOnlyForDeploymentPostprocessing = 0;
		};
		41829E401ADF248B00D59AE3 /* Sources */ = {
			isa = PBXSourcesBuildPhase;
			buildActionMask = 2147483647;
			files = (
				41829E4B1ADF248B00D59AE3 /* Pitchfork_Best_New_MusicTests.m in Sources */,
			);
			runOnlyForDeploymentPostprocessing = 0;
		};
/* End PBXSourcesBuildPhase section */

/* Begin PBXTargetDependency section */
		41829E461ADF248B00D59AE3 /* PBXTargetDependency */ = {
			isa = PBXTargetDependency;
			target = 41829E2A1ADF248A00D59AE3 /* Pitchfork Best New Music */;
			targetProxy = 41829E451ADF248B00D59AE3 /* PBXContainerItemProxy */;
		};
/* End PBXTargetDependency section */

/* Begin PBXVariantGroup section */
		41829E381ADF248A00D59AE3 /* Main.storyboard */ = {
			isa = PBXVariantGroup;
			children = (
				41829E391ADF248A00D59AE3 /* Base */,
			);
			name = Main.storyboard;
			sourceTree = "<group>";
		};
		41829E3D1ADF248A00D59AE3 /* LaunchScreen.xib */ = {
			isa = PBXVariantGroup;
			children = (
				41829E3E1ADF248A00D59AE3 /* Base */,
			);
			name = LaunchScreen.xib;
			sourceTree = "<group>";
		};
/* End PBXVariantGroup section */

/* Begin XCBuildConfiguration section */
		41829E4C1ADF248B00D59AE3 /* Debug */ = {
			isa = XCBuildConfiguration;
			buildSettings = {
				ALWAYS_SEARCH_USER_PATHS = NO;
				CLANG_CXX_LANGUAGE_STANDARD = "gnu++0x";
				CLANG_CXX_LIBRARY = "libc++";
				CLANG_ENABLE_MODULES = YES;
				CLANG_ENABLE_OBJC_ARC = YES;
				CLANG_WARN_BOOL_CONVERSION = YES;
				CLANG_WARN_CONSTANT_CONVERSION = YES;
				CLANG_WARN_DIRECT_OBJC_ISA_USAGE = YES_ERROR;
				CLANG_WARN_EMPTY_BODY = YES;
				CLANG_WARN_ENUM_CONVERSION = YES;
				CLANG_WARN_INT_CONVERSION = YES;
				CLANG_WARN_OBJC_ROOT_CLASS = YES_ERROR;
				CLANG_WARN_UNREACHABLE_CODE = YES;
				CLANG_WARN__DUPLICATE_METHOD_MATCH = YES;
				"CODE_SIGN_IDENTITY[sdk=iphoneos*]" = "iPhone Developer";
				COPY_PHASE_STRIP = NO;
				DEBUG_INFORMATION_FORMAT = "dwarf-with-dsym";
				ENABLE_STRICT_OBJC_MSGSEND = YES;
				GCC_C_LANGUAGE_STANDARD = gnu99;
				GCC_DYNAMIC_NO_PIC = NO;
				GCC_NO_COMMON_BLOCKS = YES;
				GCC_OPTIMIZATION_LEVEL = 0;
				GCC_PREPROCESSOR_DEFINITIONS = (
					"DEBUG=1",
					"$(inherited)",
				);
				GCC_SYMBOLS_PRIVATE_EXTERN = NO;
				GCC_WARN_64_TO_32_BIT_CONVERSION = YES;
				GCC_WARN_ABOUT_RETURN_TYPE = YES_ERROR;
				GCC_WARN_UNDECLARED_SELECTOR = YES;
				GCC_WARN_UNINITIALIZED_AUTOS = YES_AGGRESSIVE;
				GCC_WARN_UNUSED_FUNCTION = YES;
				GCC_WARN_UNUSED_VARIABLE = YES;
				IPHONEOS_DEPLOYMENT_TARGET = 8.3;
				MTL_ENABLE_DEBUG_INFO = YES;
				ONLY_ACTIVE_ARCH = YES;
				SDKROOT = iphoneos;
			};
			name = Debug;
		};
		41829E4D1ADF248B00D59AE3 /* Release */ = {
			isa = XCBuildConfiguration;
			buildSettings = {
				ALWAYS_SEARCH_USER_PATHS = NO;
				CLANG_CXX_LANGUAGE_STANDARD = "gnu++0x";
				CLANG_CXX_LIBRARY = "libc++";
				CLANG_ENABLE_MODULES = YES;
				CLANG_ENABLE_OBJC_ARC = YES;
				CLANG_WARN_BOOL_CONVERSION = YES;
				CLANG_WARN_CONSTANT_CONVERSION = YES;
				CLANG_WARN_DIRECT_OBJC_ISA_USAGE = YES_ERROR;
				CLANG_WARN_EMPTY_BODY = YES;
				CLANG_WARN_ENUM_CONVERSION = YES;
				CLANG_WARN_INT_CONVERSION = YES;
				CLANG_WARN_OBJC_ROOT_CLASS = YES_ERROR;
				CLANG_WARN_UNREACHABLE_CODE = YES;
				CLANG_WARN__DUPLICATE_METHOD_MATCH = YES;
				"CODE_SIGN_IDENTITY[sdk=iphoneos*]" = "iPhone Developer";
				COPY_PHASE_STRIP = NO;
				DEBUG_INFORMATION_FORMAT = "dwarf-with-dsym";
				ENABLE_NS_ASSERTIONS = NO;
				ENABLE_STRICT_OBJC_MSGSEND = YES;
				GCC_C_LANGUAGE_STANDARD = gnu99;
				GCC_NO_COMMON_BLOCKS = YES;
				GCC_WARN_64_TO_32_BIT_CONVERSION = YES;
				GCC_WARN_ABOUT_RETURN_TYPE = YES_ERROR;
				GCC_WARN_UNDECLARED_SELECTOR = YES;
				GCC_WARN_UNINITIALIZED_AUTOS = YES_AGGRESSIVE;
				GCC_WARN_UNUSED_FUNCTION = YES;
				GCC_WARN_UNUSED_VARIABLE = YES;
				IPHONEOS_DEPLOYMENT_TARGET = 8.3;
				MTL_ENABLE_DEBUG_INFO = NO;
				SDKROOT = iphoneos;
				VALIDATE_PRODUCT = YES;
			};
			name = Release;
		};
		41829E4F1ADF248B00D59AE3 /* Debug */ = {
			isa = XCBuildConfiguration;
			baseConfigurationReference = B5D2CB5F3D24F7323B990D03 /* Pods-Pitchfork Best New Music.debug.xcconfig */;
			buildSettings = {
				ASSETCATALOG_COMPILER_APPICON_NAME = AppIcon;
				CODE_SIGN_IDENTITY = "iPhone Developer";
				FRAMEWORK_SEARCH_PATHS = (
					"$(inherited)",
					"$(PROJECT_DIR)",
					"$(PROJECT_DIR)/Frameworks",
				);
				INFOPLIST_FILE = "Pitchfork Best New Music/Info.plist";
				IPHONEOS_DEPLOYMENT_TARGET = 8.3;
				LD_RUNPATH_SEARCH_PATHS = "$(inherited) @executable_path/Frameworks";
				OTHER_LDFLAGS = "-ObjC";
				"OTHER_LDFLAGS[arch=*]" = "-ObjC";
				PRODUCT_NAME = "$(TARGET_NAME)";
				TARGETED_DEVICE_FAMILY = 1;
			};
			name = Debug;
		};
		41829E501ADF248B00D59AE3 /* Release */ = {
			isa = XCBuildConfiguration;
			baseConfigurationReference = 310F976AE75650F91ED82339 /* Pods-Pitchfork Best New Music.release.xcconfig */;
			buildSettings = {
				ASSETCATALOG_COMPILER_APPICON_NAME = AppIcon;
				CODE_SIGN_IDENTITY = "iPhone Developer";
				FRAMEWORK_SEARCH_PATHS = (
					"$(inherited)",
					"$(PROJECT_DIR)",
					"$(PROJECT_DIR)/Frameworks",
				);
				INFOPLIST_FILE = "Pitchfork Best New Music/Info.plist";
				IPHONEOS_DEPLOYMENT_TARGET = 8.3;
				LD_RUNPATH_SEARCH_PATHS = "$(inherited) @executable_path/Frameworks";
				OTHER_LDFLAGS = "-ObjC";
				PRODUCT_NAME = "$(TARGET_NAME)";
				TARGETED_DEVICE_FAMILY = 1;
			};
			name = Release;
		};
		41829E521ADF248B00D59AE3 /* Debug */ = {
			isa = XCBuildConfiguration;
			buildSettings = {
				BUNDLE_LOADER = "$(TEST_HOST)";
				FRAMEWORK_SEARCH_PATHS = (
					"$(SDKROOT)/Developer/Library/Frameworks",
					"$(inherited)",
				);
				GCC_PREPROCESSOR_DEFINITIONS = (
					"DEBUG=1",
					"$(inherited)",
				);
				INFOPLIST_FILE = "Pitchfork Best New MusicTests/Info.plist";
				LD_RUNPATH_SEARCH_PATHS = "$(inherited) @executable_path/Frameworks @loader_path/Frameworks";
				PRODUCT_NAME = "$(TARGET_NAME)";
				TEST_HOST = "$(BUILT_PRODUCTS_DIR)/Pitchfork Best New Music.app/Pitchfork Best New Music";
			};
			name = Debug;
		};
		41829E531ADF248B00D59AE3 /* Release */ = {
			isa = XCBuildConfiguration;
			buildSettings = {
				BUNDLE_LOADER = "$(TEST_HOST)";
				FRAMEWORK_SEARCH_PATHS = (
					"$(SDKROOT)/Developer/Library/Frameworks",
					"$(inherited)",
				);
				INFOPLIST_FILE = "Pitchfork Best New MusicTests/Info.plist";
				LD_RUNPATH_SEARCH_PATHS = "$(inherited) @executable_path/Frameworks @loader_path/Frameworks";
				PRODUCT_NAME = "$(TARGET_NAME)";
				TEST_HOST = "$(BUILT_PRODUCTS_DIR)/Pitchfork Best New Music.app/Pitchfork Best New Music";
			};
			name = Release;
		};
/* End XCBuildConfiguration section */

/* Begin XCConfigurationList section */
		41829E261ADF248A00D59AE3 /* Build configuration list for PBXProject "Pitchfork Best New Music" */ = {
			isa = XCConfigurationList;
			buildConfigurations = (
				41829E4C1ADF248B00D59AE3 /* Debug */,
				41829E4D1ADF248B00D59AE3 /* Release */,
			);
			defaultConfigurationIsVisible = 0;
			defaultConfigurationName = Release;
		};
		41829E4E1ADF248B00D59AE3 /* Build configuration list for PBXNativeTarget "Pitchfork Best New Music" */ = {
			isa = XCConfigurationList;
			buildConfigurations = (
				41829E4F1ADF248B00D59AE3 /* Debug */,
				41829E501ADF248B00D59AE3 /* Release */,
			);
			defaultConfigurationIsVisible = 0;
			defaultConfigurationName = Release;
		};
		41829E511ADF248B00D59AE3 /* Build configuration list for PBXNativeTarget "Pitchfork Best New MusicTests" */ = {
			isa = XCConfigurationList;
			buildConfigurations = (
				41829E521ADF248B00D59AE3 /* Debug */,
				41829E531ADF248B00D59AE3 /* Release */,
			);
			defaultConfigurationIsVisible = 0;
			defaultConfigurationName = Release;
		};
/* End XCConfigurationList section */
	};
	rootObject = 41829E231ADF248A00D59AE3 /* Project object */;
}
